
Microsoft Visual Studio Solution File, Format Version 12.00
# Visual Studio Version 16
VisualStudioVersion = 16.0.30611.23
MinimumVisualStudioVersion = 10.0.40219.1
Project("{888888A0-9F3D-457C-B088-3A5042F75D52}") = "ReconocimientoFacialCompleto", "PythonApplication1\ReconocimientoFacialCompleto.pyproj", "{78D895F6-E38A-4C13-A630-9DA28779341B}"
EndProject
Global
	GlobalSection(SolutionConfigurationPlatforms) = preSolution
		Debug|Any CPU = Debug|Any CPU
		Release|Any CPU = Release|Any CPU
	EndGlobalSection
	GlobalSection(ProjectConfigurationPlatforms) = postSolution
		{78D895F6-E38A-4C13-A630-9DA28779341B}.Debug|Any CPU.ActiveCfg = Debug|Any CPU
		{78D895F6-E38A-4C13-A630-9DA28779341B}.Release|Any CPU.ActiveCfg = Release|Any CPU
	EndGlobalSection
	GlobalSection(SolutionProperties) = preSolution
		HideSolutionNode = FALSE
	EndGlobalSection
	GlobalSection(ExtensibilityGlobals) = postSolution
		SolutionGuid = {4E39C348-7FD6-4B0E-8212-D75A8813CD83}
	EndGlobalSection
EndGlobal
